// !$*UTF8*$!
{
	archiveVersion = 1;
	classes = {
	};
	objectVersion = 55;
	objects = {

/* Begin PBXBuildFile section */
		2B9A787327FB525F00080B17 /* AppDelegate.swift in Sources */ = {isa = PBXBuildFile; fileRef = 2B9A787227FB525F00080B17 /* AppDelegate.swift */; };
		2B9A787527FB525F00080B17 /* SceneDelegate.swift in Sources */ = {isa = PBXBuildFile; fileRef = 2B9A787427FB525F00080B17 /* SceneDelegate.swift */; };
		2B9A787727FB525F00080B17 /* ConversationsViewController.swift in Sources */ = {isa = PBXBuildFile; fileRef = 2B9A787627FB525F00080B17 /* ConversationsViewController.swift */; };
		2B9A787A27FB525F00080B17 /* Main.storyboard in Resources */ = {isa = PBXBuildFile; fileRef = 2B9A787827FB525F00080B17 /* Main.storyboard */; };
		2B9A787C27FB525F00080B17 /* Assets.xcassets in Resources */ = {isa = PBXBuildFile; fileRef = 2B9A787B27FB525F00080B17 /* Assets.xcassets */; };
		2B9A787F27FB526000080B17 /* LaunchScreen.storyboard in Resources */ = {isa = PBXBuildFile; fileRef = 2B9A787D27FB526000080B17 /* LaunchScreen.storyboard */; };
		2B9A788D27FB54DD00080B17 /* LoginViewController.swift in Sources */ = {isa = PBXBuildFile; fileRef = 2B9A788C27FB54DD00080B17 /* LoginViewController.swift */; };
		2B9A788F27FB54EC00080B17 /* RegisterViewController.swift in Sources */ = {isa = PBXBuildFile; fileRef = 2B9A788E27FB54EC00080B17 /* RegisterViewController.swift */; };
		2B9A789127FB550A00080B17 /* PhotoViewViewController.swift in Sources */ = {isa = PBXBuildFile; fileRef = 2B9A789027FB550A00080B17 /* PhotoViewViewController.swift */; };
		2B9A789327FB551600080B17 /* VideoViewController.swift in Sources */ = {isa = PBXBuildFile; fileRef = 2B9A789227FB551600080B17 /* VideoViewController.swift */; };
		2B9A789527FB556700080B17 /* BeginConversationViewController.swift in Sources */ = {isa = PBXBuildFile; fileRef = 2B9A789427FB556700080B17 /* BeginConversationViewController.swift */; };
		2B9A789727FB558F00080B17 /* ProfileViewController.swift in Sources */ = {isa = PBXBuildFile; fileRef = 2B9A789627FB558F00080B17 /* ProfileViewController.swift */; };
		2B9A789A27FB608200080B17 /* Ext.swift in Sources */ = {isa = PBXBuildFile; fileRef = 2B9A789927FB608200080B17 /* Ext.swift */; };
/* End PBXBuildFile section */

/* Begin PBXFileReference section */
		2B9A786F27FB525F00080B17 /* Sp22_Message_App.app */ = {isa = PBXFileReference; explicitFileType = wrapper.application; includeInIndex = 0; path = Sp22_Message_App.app; sourceTree = BUILT_PRODUCTS_DIR; };
		2B9A787227FB525F00080B17 /* AppDelegate.swift */ = {isa = PBXFileReference; lastKnownFileType = sourcecode.swift; path = AppDelegate.swift; sourceTree = "<group>"; };
		2B9A787427FB525F00080B17 /* SceneDelegate.swift */ = {isa = PBXFileReference; lastKnownFileType = sourcecode.swift; path = SceneDelegate.swift; sourceTree = "<group>"; };
		2B9A787627FB525F00080B17 /* ConversationsViewController.swift */ = {isa = PBXFileReference; lastKnownFileType = sourcecode.swift; path = ConversationsViewController.swift; sourceTree = "<group>"; };
		2B9A787927FB525F00080B17 /* Base */ = {isa = PBXFileReference; lastKnownFileType = file.storyboard; name = Base; path = Base.lproj/Main.storyboard; sourceTree = "<group>"; };
		2B9A787B27FB525F00080B17 /* Assets.xcassets */ = {isa = PBXFileReference; lastKnownFileType = folder.assetcatalog; path = Assets.xcassets; sourceTree = "<group>"; };
		2B9A787E27FB526000080B17 /* Base */ = {isa = PBXFileReference; lastKnownFileType = file.storyboard; name = Base; path = Base.lproj/LaunchScreen.storyboard; sourceTree = "<group>"; };
		2B9A788027FB526000080B17 /* Info.plist */ = {isa = PBXFileReference; lastKnownFileType = text.plist.xml; path = Info.plist; sourceTree = "<group>"; };
		2B9A788C27FB54DD00080B17 /* LoginViewController.swift */ = {isa = PBXFileReference; lastKnownFileType = sourcecode.swift; path = LoginViewController.swift; sourceTree = "<group>"; };
		2B9A788E27FB54EC00080B17 /* RegisterViewController.swift */ = {isa = PBXFileReference; lastKnownFileType = sourcecode.swift; path = RegisterViewController.swift; sourceTree = "<group>"; };
		2B9A789027FB550A00080B17 /* PhotoViewViewController.swift */ = {isa = PBXFileReference; lastKnownFileType = sourcecode.swift; path = PhotoViewViewController.swift; sourceTree = "<group>"; };
		2B9A789227FB551600080B17 /* VideoViewController.swift */ = {isa = PBXFileReference; lastKnownFileType = sourcecode.swift; path = VideoViewController.swift; sourceTree = "<group>"; };
		2B9A789427FB556700080B17 /* BeginConversationViewController.swift */ = {isa = PBXFileReference; lastKnownFileType = sourcecode.swift; path = BeginConversationViewController.swift; sourceTree = "<group>"; };
		2B9A789627FB558F00080B17 /* ProfileViewController.swift */ = {isa = PBXFileReference; lastKnownFileType = sourcecode.swift; path = ProfileViewController.swift; sourceTree = "<group>"; };
		2B9A789927FB608200080B17 /* Ext.swift */ = {isa = PBXFileReference; lastKnownFileType = sourcecode.swift; path = Ext.swift; sourceTree = "<group>"; };
/* End PBXFileReference section */

/* Begin PBXFrameworksBuildPhase section */
		2B9A786C27FB525F00080B17 /* Frameworks */ = {
			isa = PBXFrameworksBuildPhase;
			buildActionMask = 2147483647;
			files = (
			);
			runOnlyForDeploymentPostprocessing = 0;
		};
/* End PBXFrameworksBuildPhase section */

/* Begin PBXGroup section */
		2B9A786627FB525F00080B17 = {
			isa = PBXGroup;
			children = (
				2B9A789B27FB77B600080B17 /* Sp22_Message_App */,
				2B9A788A27FB538C00080B17 /* Resources */,
				2B9A788927FB537F00080B17 /* View Models */,
				2B9A788827FB537A00080B17 /* Models */,
				2B9A788727FB537500080B17 /* Views */,
				2B9A788627FB536E00080B17 /* Controllers */,
				2B9A787027FB525F00080B17 /* Products */,
			);
			sourceTree = "<group>";
		};
		2B9A787027FB525F00080B17 /* Products */ = {
			isa = PBXGroup;
			children = (
				2B9A786F27FB525F00080B17 /* Sp22_Message_App.app */,
			);
			name = Products;
			sourceTree = "<group>";
		};
		2B9A788627FB536E00080B17 /* Controllers */ = {
			isa = PBXGroup;
			children = (
				2B9A789827FB5B5100080B17 /* Register_and_Login */,
				2B9A789627FB558F00080B17 /* ProfileViewController.swift */,
				2B9A789427FB556700080B17 /* BeginConversationViewController.swift */,
				2B9A789227FB551600080B17 /* VideoViewController.swift */,
				2B9A789027FB550A00080B17 /* PhotoViewViewController.swift */,
				2B9A787627FB525F00080B17 /* ConversationsViewController.swift */,
			);
			path = Controllers;
			sourceTree = "<group>";
		};
		2B9A788727FB537500080B17 /* Views */ = {
			isa = PBXGroup;
			children = (
				2B9A788B27FB53C800080B17 /* Story Boards */,
				2B9A787B27FB525F00080B17 /* Assets.xcassets */,
			);
			path = Views;
			sourceTree = "<group>";
		};
		2B9A788827FB537A00080B17 /* Models */ = {
			isa = PBXGroup;
			children = (
			);
			path = Models;
			sourceTree = "<group>";
		};
		2B9A788927FB537F00080B17 /* View Models */ = {
			isa = PBXGroup;
			children = (
			);
			path = "View Models";
			sourceTree = "<group>";
		};
		2B9A788A27FB538C00080B17 /* Resources */ = {
			isa = PBXGroup;
			children = (
				2B9A787227FB525F00080B17 /* AppDelegate.swift */,
				2B9A787427FB525F00080B17 /* SceneDelegate.swift */,
				2B9A789927FB608200080B17 /* Ext.swift */,
			);
			path = Resources;
			sourceTree = "<group>";
		};
		2B9A788B27FB53C800080B17 /* Story Boards */ = {
			isa = PBXGroup;
			children = (
				2B9A787827FB525F00080B17 /* Main.storyboard */,
				2B9A787D27FB526000080B17 /* LaunchScreen.storyboard */,
			);
			path = "Story Boards";
			sourceTree = "<group>";
		};
		2B9A789827FB5B5100080B17 /* Register_and_Login */ = {
			isa = PBXGroup;
			children = (
				2B9A788C27FB54DD00080B17 /* LoginViewController.swift */,
				2B9A788E27FB54EC00080B17 /* RegisterViewController.swift */,
			);
			path = Register_and_Login;
			sourceTree = "<group>";
		};
		2B9A789B27FB77B600080B17 /* Sp22_Message_App */ = {
			isa = PBXGroup;
			children = (
				2B9A788027FB526000080B17 /* Info.plist */,
			);
			path = Sp22_Message_App;
			sourceTree = "<group>";
		};
/* End PBXGroup section */

/* Begin PBXNativeTarget section */
		2B9A786E27FB525F00080B17 /* Sp22_Message_App */ = {
			isa = PBXNativeTarget;
			buildConfigurationList = 2B9A788327FB526000080B17 /* Build configuration list for PBXNativeTarget "Sp22_Message_App" */;
			buildPhases = (
				2B9A786B27FB525F00080B17 /* Sources */,
				2B9A786C27FB525F00080B17 /* Frameworks */,
				2B9A786D27FB525F00080B17 /* Resources */,
			);
			buildRules = (
			);
			dependencies = (
			);
			name = Sp22_Message_App;
			productName = Sp22_Message_App;
			productReference = 2B9A786F27FB525F00080B17 /* Sp22_Message_App.app */;
			productType = "com.apple.product-type.application";
		};
/* End PBXNativeTarget section */

/* Begin PBXProject section */
		2B9A786727FB525F00080B17 /* Project object */ = {
			isa = PBXProject;
			attributes = {
				BuildIndependentTargetsInParallel = 1;
				LastSwiftUpdateCheck = 1330;
				LastUpgradeCheck = 1330;
				TargetAttributes = {
					2B9A786E27FB525F00080B17 = {
						CreatedOnToolsVersion = 13.3;
					};
				};
			};
			buildConfigurationList = 2B9A786A27FB525F00080B17 /* Build configuration list for PBXProject "Sp22_Message_App" */;
			compatibilityVersion = "Xcode 13.0";
			developmentRegion = en;
			hasScannedForEncodings = 0;
			knownRegions = (
				en,
				Base,
			);
			mainGroup = 2B9A786627FB525F00080B17;
			productRefGroup = 2B9A787027FB525F00080B17 /* Products */;
			projectDirPath = "";
			projectRoot = "";
			targets = (
				2B9A786E27FB525F00080B17 /* Sp22_Message_App */,
			);
		};
/* End PBXProject section */

/* Begin PBXResourcesBuildPhase section */
		2B9A786D27FB525F00080B17 /* Resources */ = {
			isa = PBXResourcesBuildPhase;
			buildActionMask = 2147483647;
			files = (
				2B9A787F27FB526000080B17 /* LaunchScreen.storyboard in Resources */,
				2B9A787C27FB525F00080B17 /* Assets.xcassets in Resources */,
				2B9A787A27FB525F00080B17 /* Main.storyboard in Resources */,
			);
			runOnlyForDeploymentPostprocessing = 0;
		};
/* End PBXResourcesBuildPhase section */

/* Begin PBXSourcesBuildPhase section */
		2B9A786B27FB525F00080B17 /* Sources */ = {
			isa = PBXSourcesBuildPhase;
			buildActionMask = 2147483647;
			files = (
				2B9A789127FB550A00080B17 /* PhotoViewViewController.swift in Sources */,
				2B9A789327FB551600080B17 /* VideoViewController.swift in Sources */,
				2B9A788D27FB54DD00080B17 /* LoginViewController.swift in Sources */,
				2B9A788F27FB54EC00080B17 /* RegisterViewController.swift in Sources */,
				2B9A787727FB525F00080B17 /* ConversationsViewController.swift in Sources */,
				2B9A787327FB525F00080B17 /* AppDelegate.swift in Sources */,
				2B9A789727FB558F00080B17 /* ProfileViewController.swift in Sources */,
				2B9A787527FB525F00080B17 /* SceneDelegate.swift in Sources */,
				2B9A789527FB556700080B17 /* BeginConversationViewController.swift in Sources */,
				2B9A789A27FB608200080B17 /* Ext.swift in Sources */,
			);
			runOnlyForDeploymentPostprocessing = 0;
		};
/* End PBXSourcesBuildPhase section */

/* Begin PBXVariantGroup section */
		2B9A787827FB525F00080B17 /* Main.storyboard */ = {
			isa = PBXVariantGroup;
			children = (
				2B9A787927FB525F00080B17 /* Base */,
			);
			name = Main.storyboard;
			sourceTree = "<group>";
		};
		2B9A787D27FB526000080B17 /* LaunchScreen.storyboard */ = {
			isa = PBXVariantGroup;
			children = (
				2B9A787E27FB526000080B17 /* Base */,
			);
			name = LaunchScreen.storyboard;
			sourceTree = "<group>";
		};
/* End PBXVariantGroup section */

/* Begin XCBuildConfiguration section */
		2B9A788127FB526000080B17 /* Debug */ = {
			isa = XCBuildConfiguration;
			buildSettings = {
				ALWAYS_SEARCH_USER_PATHS = NO;
				CLANG_ANALYZER_NONNULL = YES;
				CLANG_ANALYZER_NUMBER_OBJECT_CONVERSION = YES_AGGRESSIVE;
				CLANG_CXX_LANGUAGE_STANDARD = "gnu++17";
				CLANG_ENABLE_MODULES = YES;
				CLANG_ENABLE_OBJC_ARC = YES;
				CLANG_ENABLE_OBJC_WEAK = YES;
				CLANG_WARN_BLOCK_CAPTURE_AUTORELEASING = YES;
				CLANG_WARN_BOOL_CONVERSION = YES;
				CLANG_WARN_COMMA = YES;
				CLANG_WARN_CONSTANT_CONVERSION = YES;
				CLANG_WARN_DEPRECATED_OBJC_IMPLEMENTATIONS = YES;
				CLANG_WARN_DIRECT_OBJC_ISA_USAGE = YES_ERROR;
				CLANG_WARN_DOCUMENTATION_COMMENTS = YES;
				CLANG_WARN_EMPTY_BODY = YES;
				CLANG_WARN_ENUM_CONVERSION = YES;
				CLANG_WARN_INFINITE_RECURSION = YES;
				CLANG_WARN_INT_CONVERSION = YES;
				CLANG_WARN_NON_LITERAL_NULL_CONVERSION = YES;
				CLANG_WARN_OBJC_IMPLICIT_RETAIN_SELF = YES;
				CLANG_WARN_OBJC_LITERAL_CONVERSION = YES;
				CLANG_WARN_OBJC_ROOT_CLASS = YES_ERROR;
				CLANG_WARN_QUOTED_INCLUDE_IN_FRAMEWORK_HEADER = YES;
				CLANG_WARN_RANGE_LOOP_ANALYSIS = YES;
				CLANG_WARN_STRICT_PROTOTYPES = YES;
				CLANG_WARN_SUSPICIOUS_MOVE = YES;
				CLANG_WARN_UNGUARDED_AVAILABILITY = YES_AGGRESSIVE;
				CLANG_WARN_UNREACHABLE_CODE = YES;
				CLANG_WARN__DUPLICATE_METHOD_MATCH = YES;
				COPY_PHASE_STRIP = NO;
				DEBUG_INFORMATION_FORMAT = dwarf;
				ENABLE_STRICT_OBJC_MSGSEND = YES;
				ENABLE_TESTABILITY = YES;
				GCC_C_LANGUAGE_STANDARD = gnu11;
				GCC_DYNAMIC_NO_PIC = NO;
				GCC_NO_COMMON_BLOCKS = YES;
				GCC_OPTIMIZATION_LEVEL = 0;
				GCC_PREPROCESSOR_DEFINITIONS = (
					"DEBUG=1",
					"$(inherited)",
				);
				GCC_WARN_64_TO_32_BIT_CONVERSION = YES;
				GCC_WARN_ABOUT_RETURN_TYPE = YES_ERROR;
				GCC_WARN_UNDECLARED_SELECTOR = YES;
				GCC_WARN_UNINITIALIZED_AUTOS = YES_AGGRESSIVE;
				GCC_WARN_UNUSED_FUNCTION = YES;
				GCC_WARN_UNUSED_VARIABLE = YES;
				IPHONEOS_DEPLOYMENT_TARGET = 15.4;
				MTL_ENABLE_DEBUG_INFO = INCLUDE_SOURCE;
				MTL_FAST_MATH = YES;
				ONLY_ACTIVE_ARCH = YES;
				SDKROOT = iphoneos;
				SWIFT_ACTIVE_COMPILATION_CONDITIONS = DEBUG;
				SWIFT_OPTIMIZATION_LEVEL = "-Onone";
			};
			name = Debug;
		};
		2B9A788227FB526000080B17 /* Release */ = {
			isa = XCBuildConfiguration;
			buildSettings = {
				ALWAYS_SEARCH_USER_PATHS = NO;
				CLANG_ANALYZER_NONNULL = YES;
				CLANG_ANALYZER_NUMBER_OBJECT_CONVERSION = YES_AGGRESSIVE;
				CLANG_CXX_LANGUAGE_STANDARD = "gnu++17";
				CLANG_ENABLE_MODULES = YES;
				CLANG_ENABLE_OBJC_ARC = YES;
				CLANG_ENABLE_OBJC_WEAK = YES;
				CLANG_WARN_BLOCK_CAPTURE_AUTORELEASING = YES;
				CLANG_WARN_BOOL_CONVERSION = YES;
				CLANG_WARN_COMMA = YES;
				CLANG_WARN_CONSTANT_CONVERSION = YES;
				CLANG_WARN_DEPRECATED_OBJC_IMPLEMENTATIONS = YES;
				CLANG_WARN_DIRECT_OBJC_ISA_USAGE = YES_ERROR;
				CLANG_WARN_DOCUMENTATION_COMMENTS = YES;
				CLANG_WARN_EMPTY_BODY = YES;
				CLANG_WARN_ENUM_CONVERSION = YES;
				CLANG_WARN_INFINITE_RECURSION = YES;
				CLANG_WARN_INT_CONVERSION = YES;
				CLANG_WARN_NON_LITERAL_NULL_CONVERSION = YES;
				CLANG_WARN_OBJC_IMPLICIT_RETAIN_SELF = YES;
				CLANG_WARN_OBJC_LITERAL_CONVERSION = YES;
				CLANG_WARN_OBJC_ROOT_CLASS = YES_ERROR;
				CLANG_WARN_QUOTED_INCLUDE_IN_FRAMEWORK_HEADER = YES;
				CLANG_WARN_RANGE_LOOP_ANALYSIS = YES;
				CLANG_WARN_STRICT_PROTOTYPES = YES;
				CLANG_WARN_SUSPICIOUS_MOVE = YES;
				CLANG_WARN_UNGUARDED_AVAILABILITY = YES_AGGRESSIVE;
				CLANG_WARN_UNREACHABLE_CODE = YES;
				CLANG_WARN__DUPLICATE_METHOD_MATCH = YES;
				COPY_PHASE_STRIP = NO;
				DEBUG_INFORMATION_FORMAT = "dwarf-with-dsym";
				ENABLE_NS_ASSERTIONS = NO;
				ENABLE_STRICT_OBJC_MSGSEND = YES;
				GCC_C_LANGUAGE_STANDARD = gnu11;
				GCC_NO_COMMON_BLOCKS = YES;
				GCC_WARN_64_TO_32_BIT_CONVERSION = YES;
				GCC_WARN_ABOUT_RETURN_TYPE = YES_ERROR;
				GCC_WARN_UNDECLARED_SELECTOR = YES;
				GCC_WARN_UNINITIALIZED_AUTOS = YES_AGGRESSIVE;
				GCC_WARN_UNUSED_FUNCTION = YES;
				GCC_WARN_UNUSED_VARIABLE = YES;
				IPHONEOS_DEPLOYMENT_TARGET = 15.4;
				MTL_ENABLE_DEBUG_INFO = NO;
				MTL_FAST_MATH = YES;
				SDKROOT = iphoneos;
				SWIFT_COMPILATION_MODE = wholemodule;
				SWIFT_OPTIMIZATION_LEVEL = "-O";
				VALIDATE_PRODUCT = YES;
			};
			name = Release;
		};
		2B9A788427FB526000080B17 /* Debug */ = {
			isa = XCBuildConfiguration;
			buildSettings = {
				ASSETCATALOG_COMPILER_APPICON_NAME = AppIcon;
				ASSETCATALOG_COMPILER_GLOBAL_ACCENT_COLOR_NAME = AccentColor;
				CODE_SIGN_STYLE = Automatic;
				CURRENT_PROJECT_VERSION = 1;
				DEVELOPMENT_TEAM = N89B9T694L;
				GENERATE_INFOPLIST_FILE = YES;
				INFOPLIST_FILE = Sp22_Message_App/Info.plist;
				INFOPLIST_KEY_UIApplicationSupportsIndirectInputEvents = YES;
				INFOPLIST_KEY_UILaunchStoryboardName = LaunchScreen;
				INFOPLIST_KEY_UIMainStoryboardFile = Main;
				INFOPLIST_KEY_UISupportedInterfaceOrientations = UIInterfaceOrientationPortrait;
				INFOPLIST_KEY_UISupportedInterfaceOrientations_iPad = "UIInterfaceOrientationPortrait UIInterfaceOrientationPortraitUpsideDown UIInterfaceOrientationLandscapeLeft UIInterfaceOrientationLandscapeRight";
				INFOPLIST_KEY_UISupportedInterfaceOrientations_iPhone = "UIInterfaceOrientationPortrait UIInterfaceOrientationLandscapeLeft UIInterfaceOrientationLandscapeRight";
				LD_RUNPATH_SEARCH_PATHS = (
					"$(inherited)",
					"@executable_path/Frameworks",
				);
				MARKETING_VERSION = 1.0;
				PRODUCT_BUNDLE_IDENTIFIER = "edu.auburn.csse.Sp22-Message-App";
				PRODUCT_NAME = "$(TARGET_NAME)";
				SWIFT_EMIT_LOC_STRINGS = YES;
				SWIFT_VERSION = 5.0;
				TARGETED_DEVICE_FAMILY = "1,2";
			};
			name = Debug;
		};
		2B9A788527FB526000080B17 /* Release */ = {
			isa = XCBuildConfiguration;
			buildSettings = {
				ASSETCATALOG_COMPILER_APPICON_NAME = AppIcon;
				ASSETCATALOG_COMPILER_GLOBAL_ACCENT_COLOR_NAME = AccentColor;
				CODE_SIGN_STYLE = Automatic;
				CURRENT_PROJECT_VERSION = 1;
				DEVELOPMENT_TEAM = N89B9T694L;
				GENERATE_INFOPLIST_FILE = YES;
				INFOPLIST_FILE = Sp22_Message_App/Info.plist;
				INFOPLIST_KEY_UIApplicationSupportsIndirectInputEvents = YES;
				INFOPLIST_KEY_UILaunchStoryboardName = LaunchScreen;
				INFOPLIST_KEY_UIMainStoryboardFile = Main;
				INFOPLIST_KEY_UISupportedInterfaceOrientations = UIInterfaceOrientationPortrait;
				INFOPLIST_KEY_UISupportedInterfaceOrientations_iPad = "UIInterfaceOrientationPortrait UIInterfaceOrientationPortraitUpsideDown UIInterfaceOrientationLandscapeLeft UIInterfaceOrientationLandscapeRight";
				INFOPLIST_KEY_UISupportedInterfaceOrientations_iPhone = "UIInterfaceOrientationPortrait UIInterfaceOrientationLandscapeLeft UIInterfaceOrientationLandscapeRight";
				LD_RUNPATH_SEARCH_PATHS = (
					"$(inherited)",
					"@executable_path/Frameworks",
				);
				MARKETING_VERSION = 1.0;
				PRODUCT_BUNDLE_IDENTIFIER = "edu.auburn.csse.Sp22-Message-App";
				PRODUCT_NAME = "$(TARGET_NAME)";
				SWIFT_EMIT_LOC_STRINGS = YES;
				SWIFT_VERSION = 5.0;
				TARGETED_DEVICE_FAMILY = "1,2";
			};
			name = Release;
		};
/* End XCBuildConfiguration section */

/* Begin XCConfigurationList section */
		2B9A786A27FB525F00080B17 /* Build configuration list for PBXProject "Sp22_Message_App" */ = {
			isa = XCConfigurationList;
			buildConfigurations = (
				2B9A788127FB526000080B17 /* Debug */,
				2B9A788227FB526000080B17 /* Release */,
			);
			defaultConfigurationIsVisible = 0;
			defaultConfigurationName = Release;
		};
		2B9A788327FB526000080B17 /* Build configuration list for PBXNativeTarget "Sp22_Message_App" */ = {
			isa = XCConfigurationList;
			buildConfigurations = (
				2B9A788427FB526000080B17 /* Debug */,
				2B9A788527FB526000080B17 /* Release */,
			);
			defaultConfigurationIsVisible = 0;
			defaultConfigurationName = Release;
		};
/* End XCConfigurationList section */
	};
	rootObject = 2B9A786727FB525F00080B17 /* Project object */;
}
